// !$*UTF8*$!
{
	archiveVersion = 1;
	classes = {
	};
	objectVersion = 46;
	objects = {

/* Begin PBXBuildFile section */
		283B1ACE15564BBD00A9133D /* UIKit.framework in Frameworks */ = {isa = PBXBuildFile; fileRef = 283B1ACD15564BBD00A9133D /* UIKit.framework */; };
		283B1AD015564BBD00A9133D /* Foundation.framework in Frameworks */ = {isa = PBXBuildFile; fileRef = 283B1ACF15564BBD00A9133D /* Foundation.framework */; };
		283B1AD215564BBD00A9133D /* CoreGraphics.framework in Frameworks */ = {isa = PBXBuildFile; fileRef = 283B1AD115564BBD00A9133D /* CoreGraphics.framework */; };
		283B1AD815564BBD00A9133D /* InfoPlist.strings in Resources */ = {isa = PBXBuildFile; fileRef = 283B1AD615564BBD00A9133D /* InfoPlist.strings */; };
		283B1ADA15564BBD00A9133D /* main.m in Sources */ = {isa = PBXBuildFile; fileRef = 283B1AD915564BBD00A9133D /* main.m */; };
		283B1ADE15564BBD00A9133D /* NAAppDelegate.m in Sources */ = {isa = PBXBuildFile; fileRef = 283B1ADD15564BBD00A9133D /* NAAppDelegate.m */; };
		283B1AE115564BBD00A9133D /* NAMasterViewController.m in Sources */ = {isa = PBXBuildFile; fileRef = 283B1AE015564BBD00A9133D /* NAMasterViewController.m */; };
		283B1AE715564BBD00A9133D /* NAMasterViewController.xib in Resources */ = {isa = PBXBuildFile; fileRef = 283B1AE515564BBD00A9133D /* NAMasterViewController.xib */; };
		283B1AF215564D4900A9133D /* NABasicDemoViewController.m in Sources */ = {isa = PBXBuildFile; fileRef = 283B1AF115564D4900A9133D /* NABasicDemoViewController.m */; };
		283B1B1415564DEA00A9133D /* callout_anchor.png in Resources */ = {isa = PBXBuildFile; fileRef = 283B1AF815564DEA00A9133D /* callout_anchor.png */; };
		283B1B1515564DEA00A9133D /* callout_anchor@2x.png in Resources */ = {isa = PBXBuildFile; fileRef = 283B1AF915564DEA00A9133D /* callout_anchor@2x.png */; };
		283B1B1615564DEA00A9133D /* callout_bg.png in Resources */ = {isa = PBXBuildFile; fileRef = 283B1AFA15564DEA00A9133D /* callout_bg.png */; };
		283B1B1715564DEA00A9133D /* callout_bg@2x.png in Resources */ = {isa = PBXBuildFile; fileRef = 283B1AFB15564DEA00A9133D /* callout_bg@2x.png */; };
		283B1B1815564DEA00A9133D /* callout_left.png in Resources */ = {isa = PBXBuildFile; fileRef = 283B1AFC15564DEA00A9133D /* callout_left.png */; };
		283B1B1915564DEA00A9133D /* callout_left@2x.png in Resources */ = {isa = PBXBuildFile; fileRef = 283B1AFD15564DEA00A9133D /* callout_left@2x.png */; };
		283B1B1A15564DEA00A9133D /* callout_right.png in Resources */ = {isa = PBXBuildFile; fileRef = 283B1AFE15564DEA00A9133D /* callout_right.png */; };
		283B1B1B15564DEA00A9133D /* callout_right@2x.png in Resources */ = {isa = PBXBuildFile; fileRef = 283B1AFF15564DEA00A9133D /* callout_right@2x.png */; };
		283B1B1C15564DEA00A9133D /* NAAnnotation.m in Sources */ = {isa = PBXBuildFile; fileRef = 283B1B0115564DEA00A9133D /* NAAnnotation.m */; };
		283B1B1D15564DEA00A9133D /* NACallOutView.m in Sources */ = {isa = PBXBuildFile; fileRef = 283B1B0315564DEA00A9133D /* NACallOutView.m */; };
		283B1B1E15564DEA00A9133D /* NAMapView.m in Sources */ = {isa = PBXBuildFile; fileRef = 283B1B0515564DEA00A9133D /* NAMapView.m */; };
		283B1B1F15564DEA00A9133D /* NAPinAnnotationView.m in Sources */ = {isa = PBXBuildFile; fileRef = 283B1B0715564DEA00A9133D /* NAPinAnnotationView.m */; };
		283B1B2015564DEA00A9133D /* pinGreen.png in Resources */ = {isa = PBXBuildFile; fileRef = 283B1B0815564DEA00A9133D /* pinGreen.png */; };
		283B1B2115564DEA00A9133D /* pinGreen@2x.png in Resources */ = {isa = PBXBuildFile; fileRef = 283B1B0915564DEA00A9133D /* pinGreen@2x.png */; };
		283B1B2215564DEA00A9133D /* pinGreenFloating.png in Resources */ = {isa = PBXBuildFile; fileRef = 283B1B0A15564DEA00A9133D /* pinGreenFloating.png */; };
		283B1B2315564DEA00A9133D /* pinGreenFloating@2x.png in Resources */ = {isa = PBXBuildFile; fileRef = 283B1B0B15564DEA00A9133D /* pinGreenFloating@2x.png */; };
		283B1B2415564DEA00A9133D /* pinPurple.png in Resources */ = {isa = PBXBuildFile; fileRef = 283B1B0C15564DEA00A9133D /* pinPurple.png */; };
		283B1B2515564DEA00A9133D /* pinPurple@2x.png in Resources */ = {isa = PBXBuildFile; fileRef = 283B1B0D15564DEA00A9133D /* pinPurple@2x.png */; };
		283B1B2615564DEA00A9133D /* pinPurpleFloating.png in Resources */ = {isa = PBXBuildFile; fileRef = 283B1B0E15564DEA00A9133D /* pinPurpleFloating.png */; };
		283B1B2715564DEA00A9133D /* pinPurpleFloating@2x.png in Resources */ = {isa = PBXBuildFile; fileRef = 283B1B0F15564DEA00A9133D /* pinPurpleFloating@2x.png */; };
		283B1B2815564DEA00A9133D /* pinRed.png in Resources */ = {isa = PBXBuildFile; fileRef = 283B1B1015564DEA00A9133D /* pinRed.png */; };
		283B1B2915564DEA00A9133D /* pinRed@2x.png in Resources */ = {isa = PBXBuildFile; fileRef = 283B1B1115564DEA00A9133D /* pinRed@2x.png */; };
		283B1B2A15564DEA00A9133D /* pinRedFloating.png in Resources */ = {isa = PBXBuildFile; fileRef = 283B1B1215564DEA00A9133D /* pinRedFloating.png */; };
		283B1B2B15564DEA00A9133D /* pinRedFloating@2x.png in Resources */ = {isa = PBXBuildFile; fileRef = 283B1B1315564DEA00A9133D /* pinRedFloating@2x.png */; };
		283B1B2E15564EB500A9133D /* australia.png in Resources */ = {isa = PBXBuildFile; fileRef = 283B1B2D15564EB500A9133D /* australia.png */; };
		283B1B32155651FD00A9133D /* NALoadViaNIBDemoViewController.m in Sources */ = {isa = PBXBuildFile; fileRef = 283B1B30155651FD00A9133D /* NALoadViaNIBDemoViewController.m */; };
		283B1B33155651FD00A9133D /* NALoadViaNIBDemoViewController.xib in Resources */ = {isa = PBXBuildFile; fileRef = 283B1B31155651FD00A9133D /* NALoadViaNIBDemoViewController.xib */; };
		283B1B361556557900A9133D /* NAAnimatedDemoViewController.m in Sources */ = {isa = PBXBuildFile; fileRef = 283B1B351556557800A9133D /* NAAnimatedDemoViewController.m */; };
		283B1B3A155659FB00A9133D /* NAInteractiveDemoViewController.m in Sources */ = {isa = PBXBuildFile; fileRef = 283B1B38155659FB00A9133D /* NAInteractiveDemoViewController.m */; };
		283B1B3B155659FB00A9133D /* NAInteractiveDemoViewController.xib in Resources */ = {isa = PBXBuildFile; fileRef = 283B1B39155659FB00A9133D /* NAInteractiveDemoViewController.xib */; };
/* End PBXBuildFile section */

/* Begin PBXFileReference section */
		283B1AC915564BBD00A9133D /* Demo.app */ = {isa = PBXFileReference; explicitFileType = wrapper.application; includeInIndex = 0; path = Demo.app; sourceTree = BUILT_PRODUCTS_DIR; };
		283B1ACD15564BBD00A9133D /* UIKit.framework */ = {isa = PBXFileReference; lastKnownFileType = wrapper.framework; name = UIKit.framework; path = System/Library/Frameworks/UIKit.framework; sourceTree = SDKROOT; };
		283B1ACF15564BBD00A9133D /* Foundation.framework */ = {isa = PBXFileReference; lastKnownFileType = wrapper.framework; name = Foundation.framework; path = System/Library/Frameworks/Foundation.framework; sourceTree = SDKROOT; };
		283B1AD115564BBD00A9133D /* CoreGraphics.framework */ = {isa = PBXFileReference; lastKnownFileType = wrapper.framework; name = CoreGraphics.framework; path = System/Library/Frameworks/CoreGraphics.framework; sourceTree = SDKROOT; };
		283B1AD515564BBD00A9133D /* Demo-Info.plist */ = {isa = PBXFileReference; lastKnownFileType = text.plist.xml; path = "Demo-Info.plist"; sourceTree = "<group>"; };
		283B1AD715564BBD00A9133D /* en */ = {isa = PBXFileReference; lastKnownFileType = text.plist.strings; name = en; path = en.lproj/InfoPlist.strings; sourceTree = "<group>"; };
		283B1AD915564BBD00A9133D /* main.m */ = {isa = PBXFileReference; lastKnownFileType = sourcecode.c.objc; path = main.m; sourceTree = "<group>"; };
		283B1ADB15564BBD00A9133D /* Demo-Prefix.pch */ = {isa = PBXFileReference; lastKnownFileType = sourcecode.c.h; path = "Demo-Prefix.pch"; sourceTree = "<group>"; };
		283B1ADC15564BBD00A9133D /* NAAppDelegate.h */ = {isa = PBXFileReference; lastKnownFileType = sourcecode.c.h; path = NAAppDelegate.h; sourceTree = "<group>"; };
		283B1ADD15564BBD00A9133D /* NAAppDelegate.m */ = {isa = PBXFileReference; lastKnownFileType = sourcecode.c.objc; path = NAAppDelegate.m; sourceTree = "<group>"; };
		283B1ADF15564BBD00A9133D /* NAMasterViewController.h */ = {isa = PBXFileReference; lastKnownFileType = sourcecode.c.h; path = NAMasterViewController.h; sourceTree = "<group>"; };
		283B1AE015564BBD00A9133D /* NAMasterViewController.m */ = {isa = PBXFileReference; lastKnownFileType = sourcecode.c.objc; path = NAMasterViewController.m; sourceTree = "<group>"; };
		283B1AE615564BBD00A9133D /* en */ = {isa = PBXFileReference; lastKnownFileType = file.xib; name = en; path = en.lproj/NAMasterViewController.xib; sourceTree = "<group>"; };
		283B1AF015564D4900A9133D /* NABasicDemoViewController.h */ = {isa = PBXFileReference; fileEncoding = 4; lastKnownFileType = sourcecode.c.h; path = NABasicDemoViewController.h; sourceTree = "<group>"; };
		283B1AF115564D4900A9133D /* NABasicDemoViewController.m */ = {isa = PBXFileReference; fileEncoding = 4; lastKnownFileType = sourcecode.c.objc; path = NABasicDemoViewController.m; sourceTree = "<group>"; };
		283B1AF815564DEA00A9133D /* callout_anchor.png */ = {isa = PBXFileReference; lastKnownFileType = image.png; name = callout_anchor.png; path = NAMapKit/callout_anchor.png; sourceTree = SOURCE_ROOT; };
		283B1AF915564DEA00A9133D /* callout_anchor@2x.png */ = {isa = PBXFileReference; lastKnownFileType = image.png; name = "callout_anchor@2x.png"; path = "NAMapKit/callout_anchor@2x.png"; sourceTree = SOURCE_ROOT; };
		283B1AFA15564DEA00A9133D /* callout_bg.png */ = {isa = PBXFileReference; lastKnownFileType = image.png; name = callout_bg.png; path = NAMapKit/callout_bg.png; sourceTree = SOURCE_ROOT; };
		283B1AFB15564DEA00A9133D /* callout_bg@2x.png */ = {isa = PBXFileReference; lastKnownFileType = image.png; name = "callout_bg@2x.png"; path = "NAMapKit/callout_bg@2x.png"; sourceTree = SOURCE_ROOT; };
		283B1AFC15564DEA00A9133D /* callout_left.png */ = {isa = PBXFileReference; lastKnownFileType = image.png; name = callout_left.png; path = NAMapKit/callout_left.png; sourceTree = SOURCE_ROOT; };
		283B1AFD15564DEA00A9133D /* callout_left@2x.png */ = {isa = PBXFileReference; lastKnownFileType = image.png; name = "callout_left@2x.png"; path = "NAMapKit/callout_left@2x.png"; sourceTree = SOURCE_ROOT; };
		283B1AFE15564DEA00A9133D /* callout_right.png */ = {isa = PBXFileReference; lastKnownFileType = image.png; name = callout_right.png; path = NAMapKit/callout_right.png; sourceTree = SOURCE_ROOT; };
		283B1AFF15564DEA00A9133D /* callout_right@2x.png */ = {isa = PBXFileReference; lastKnownFileType = image.png; name = "callout_right@2x.png"; path = "NAMapKit/callout_right@2x.png"; sourceTree = SOURCE_ROOT; };
		283B1B0015564DEA00A9133D /* NAAnnotation.h */ = {isa = PBXFileReference; fileEncoding = 4; lastKnownFileType = sourcecode.c.h; name = NAAnnotation.h; path = NAMapKit/NAAnnotation.h; sourceTree = SOURCE_ROOT; };
		283B1B0115564DEA00A9133D /* NAAnnotation.m */ = {isa = PBXFileReference; fileEncoding = 4; lastKnownFileType = sourcecode.c.objc; name = NAAnnotation.m; path = NAMapKit/NAAnnotation.m; sourceTree = SOURCE_ROOT; };
		283B1B0215564DEA00A9133D /* NACallOutView.h */ = {isa = PBXFileReference; fileEncoding = 4; lastKnownFileType = sourcecode.c.h; name = NACallOutView.h; path = NAMapKit/NACallOutView.h; sourceTree = SOURCE_ROOT; };
		283B1B0315564DEA00A9133D /* NACallOutView.m */ = {isa = PBXFileReference; fileEncoding = 4; lastKnownFileType = sourcecode.c.objc; name = NACallOutView.m; path = NAMapKit/NACallOutView.m; sourceTree = SOURCE_ROOT; };
		283B1B0415564DEA00A9133D /* NAMapView.h */ = {isa = PBXFileReference; fileEncoding = 4; lastKnownFileType = sourcecode.c.h; name = NAMapView.h; path = NAMapKit/NAMapView.h; sourceTree = SOURCE_ROOT; };
		283B1B0515564DEA00A9133D /* NAMapView.m */ = {isa = PBXFileReference; fileEncoding = 4; lastKnownFileType = sourcecode.c.objc; name = NAMapView.m; path = NAMapKit/NAMapView.m; sourceTree = SOURCE_ROOT; };
		283B1B0615564DEA00A9133D /* NAPinAnnotationView.h */ = {isa = PBXFileReference; fileEncoding = 4; lastKnownFileType = sourcecode.c.h; name = NAPinAnnotationView.h; path = NAMapKit/NAPinAnnotationView.h; sourceTree = SOURCE_ROOT; };
		283B1B0715564DEA00A9133D /* NAPinAnnotationView.m */ = {isa = PBXFileReference; fileEncoding = 4; lastKnownFileType = sourcecode.c.objc; name = NAPinAnnotationView.m; path = NAMapKit/NAPinAnnotationView.m; sourceTree = SOURCE_ROOT; };
		283B1B0815564DEA00A9133D /* pinGreen.png */ = {isa = PBXFileReference; lastKnownFileType = image.png; name = pinGreen.png; path = NAMapKit/pinGreen.png; sourceTree = SOURCE_ROOT; };
		283B1B0915564DEA00A9133D /* pinGreen@2x.png */ = {isa = PBXFileReference; lastKnownFileType = image.png; name = "pinGreen@2x.png"; path = "NAMapKit/pinGreen@2x.png"; sourceTree = SOURCE_ROOT; };
		283B1B0A15564DEA00A9133D /* pinGreenFloating.png */ = {isa = PBXFileReference; lastKnownFileType = image.png; name = pinGreenFloating.png; path = NAMapKit/pinGreenFloating.png; sourceTree = SOURCE_ROOT; };
		283B1B0B15564DEA00A9133D /* pinGreenFloating@2x.png */ = {isa = PBXFileReference; lastKnownFileType = image.png; name = "pinGreenFloating@2x.png"; path = "NAMapKit/pinGreenFloating@2x.png"; sourceTree = SOURCE_ROOT; };
		283B1B0C15564DEA00A9133D /* pinPurple.png */ = {isa = PBXFileReference; lastKnownFileType = image.png; name = pinPurple.png; path = NAMapKit/pinPurple.png; sourceTree = SOURCE_ROOT; };
		283B1B0D15564DEA00A9133D /* pinPurple@2x.png */ = {isa = PBXFileReference; lastKnownFileType = image.png; name = "pinPurple@2x.png"; path = "NAMapKit/pinPurple@2x.png"; sourceTree = SOURCE_ROOT; };
		283B1B0E15564DEA00A9133D /* pinPurpleFloating.png */ = {isa = PBXFileReference; lastKnownFileType = image.png; name = pinPurpleFloating.png; path = NAMapKit/pinPurpleFloating.png; sourceTree = SOURCE_ROOT; };
		283B1B0F15564DEA00A9133D /* pinPurpleFloating@2x.png */ = {isa = PBXFileReference; lastKnownFileType = image.png; name = "pinPurpleFloating@2x.png"; path = "NAMapKit/pinPurpleFloating@2x.png"; sourceTree = SOURCE_ROOT; };
		283B1B1015564DEA00A9133D /* pinRed.png */ = {isa = PBXFileReference; lastKnownFileType = image.png; name = pinRed.png; path = NAMapKit/pinRed.png; sourceTree = SOURCE_ROOT; };
		283B1B1115564DEA00A9133D /* pinRed@2x.png */ = {isa = PBXFileReference; lastKnownFileType = image.png; name = "pinRed@2x.png"; path = "NAMapKit/pinRed@2x.png"; sourceTree = SOURCE_ROOT; };
		283B1B1215564DEA00A9133D /* pinRedFloating.png */ = {isa = PBXFileReference; lastKnownFileType = image.png; name = pinRedFloating.png; path = NAMapKit/pinRedFloating.png; sourceTree = SOURCE_ROOT; };
		283B1B1315564DEA00A9133D /* pinRedFloating@2x.png */ = {isa = PBXFileReference; lastKnownFileType = image.png; name = "pinRedFloating@2x.png"; path = "NAMapKit/pinRedFloating@2x.png"; sourceTree = SOURCE_ROOT; };
		283B1B2D15564EB500A9133D /* australia.png */ = {isa = PBXFileReference; lastKnownFileType = image.png; path = australia.png; sourceTree = "<group>"; };
		283B1B2F155651FD00A9133D /* NALoadViaNIBDemoViewController.h */ = {isa = PBXFileReference; fileEncoding = 4; lastKnownFileType = sourcecode.c.h; path = NALoadViaNIBDemoViewController.h; sourceTree = "<group>"; };
		283B1B30155651FD00A9133D /* NALoadViaNIBDemoViewController.m */ = {isa = PBXFileReference; fileEncoding = 4; lastKnownFileType = sourcecode.c.objc; path = NALoadViaNIBDemoViewController.m; sourceTree = "<group>"; };
		283B1B31155651FD00A9133D /* NALoadViaNIBDemoViewController.xib */ = {isa = PBXFileReference; fileEncoding = 4; lastKnownFileType = file.xib; path = NALoadViaNIBDemoViewController.xib; sourceTree = "<group>"; };
		283B1B341556557800A9133D /* NAAnimatedDemoViewController.h */ = {isa = PBXFileReference; fileEncoding = 4; lastKnownFileType = sourcecode.c.h; path = NAAnimatedDemoViewController.h; sourceTree = "<group>"; };
		283B1B351556557800A9133D /* NAAnimatedDemoViewController.m */ = {isa = PBXFileReference; fileEncoding = 4; lastKnownFileType = sourcecode.c.objc; path = NAAnimatedDemoViewController.m; sourceTree = "<group>"; };
		283B1B37155659FB00A9133D /* NAInteractiveDemoViewController.h */ = {isa = PBXFileReference; fileEncoding = 4; lastKnownFileType = sourcecode.c.h; path = NAInteractiveDemoViewController.h; sourceTree = "<group>"; };
		283B1B38155659FB00A9133D /* NAInteractiveDemoViewController.m */ = {isa = PBXFileReference; fileEncoding = 4; lastKnownFileType = sourcecode.c.objc; path = NAInteractiveDemoViewController.m; sourceTree = "<group>"; };
		283B1B39155659FB00A9133D /* NAInteractiveDemoViewController.xib */ = {isa = PBXFileReference; fileEncoding = 4; lastKnownFileType = file.xib; path = NAInteractiveDemoViewController.xib; sourceTree = "<group>"; };
/* End PBXFileReference section */

/* Begin PBXFrameworksBuildPhase section */
		283B1AC615564BBD00A9133D /* Frameworks */ = {
			isa = PBXFrameworksBuildPhase;
			buildActionMask = 2147483647;
			files = (
				283B1ACE15564BBD00A9133D /* UIKit.framework in Frameworks */,
				283B1AD015564BBD00A9133D /* Foundation.framework in Frameworks */,
				283B1AD215564BBD00A9133D /* CoreGraphics.framework in Frameworks */,
			);
			runOnlyForDeploymentPostprocessing = 0;
		};
/* End PBXFrameworksBuildPhase section */

/* Begin PBXGroup section */
		283B1ABE15564BBD00A9133D = {
			isa = PBXGroup;
			children = (
				283B1AD315564BBD00A9133D /* Demo */,
				283B1ACC15564BBD00A9133D /* Frameworks */,
				283B1ACA15564BBD00A9133D /* Products */,
			);
			sourceTree = "<group>";
		};
		283B1ACA15564BBD00A9133D /* Products */ = {
			isa = PBXGroup;
			children = (
				283B1AC915564BBD00A9133D /* Demo.app */,
			);
			name = Products;
			sourceTree = "<group>";
		};
		283B1ACC15564BBD00A9133D /* Frameworks */ = {
			isa = PBXGroup;
			children = (
				283B1ACD15564BBD00A9133D /* UIKit.framework */,
				283B1ACF15564BBD00A9133D /* Foundation.framework */,
				283B1AD115564BBD00A9133D /* CoreGraphics.framework */,
			);
			name = Frameworks;
			sourceTree = "<group>";
		};
		283B1AD315564BBD00A9133D /* Demo */ = {
			isa = PBXGroup;
			children = (
				283B1B2D15564EB500A9133D /* australia.png */,
				283B1AF315564D5100A9133D /* NAMapKit */,
				283B1ADC15564BBD00A9133D /* NAAppDelegate.h */,
				283B1ADD15564BBD00A9133D /* NAAppDelegate.m */,
				283B1ADF15564BBD00A9133D /* NAMasterViewController.h */,
				283B1AE015564BBD00A9133D /* NAMasterViewController.m */,
				283B1AE515564BBD00A9133D /* NAMasterViewController.xib */,
				283B1AD415564BBD00A9133D /* Supporting Files */,
				283B1AF015564D4900A9133D /* NABasicDemoViewController.h */,
				283B1AF115564D4900A9133D /* NABasicDemoViewController.m */,
				283B1B2F155651FD00A9133D /* NALoadViaNIBDemoViewController.h */,
				283B1B30155651FD00A9133D /* NALoadViaNIBDemoViewController.m */,
				283B1B31155651FD00A9133D /* NALoadViaNIBDemoViewController.xib */,
				283B1B341556557800A9133D /* NAAnimatedDemoViewController.h */,
				283B1B351556557800A9133D /* NAAnimatedDemoViewController.m */,
				283B1B37155659FB00A9133D /* NAInteractiveDemoViewController.h */,
				283B1B38155659FB00A9133D /* NAInteractiveDemoViewController.m */,
				283B1B39155659FB00A9133D /* NAInteractiveDemoViewController.xib */,
			);
			path = Demo;
			sourceTree = "<group>";
		};
		283B1AD415564BBD00A9133D /* Supporting Files */ = {
			isa = PBXGroup;
			children = (
				283B1AD515564BBD00A9133D /* Demo-Info.plist */,
				283B1AD615564BBD00A9133D /* InfoPlist.strings */,
				283B1AD915564BBD00A9133D /* main.m */,
				283B1ADB15564BBD00A9133D /* Demo-Prefix.pch */,
			);
			name = "Supporting Files";
			sourceTree = "<group>";
		};
		283B1AF315564D5100A9133D /* NAMapKit */ = {
			isa = PBXGroup;
			children = (
				283B1AF815564DEA00A9133D /* callout_anchor.png */,
				283B1AF915564DEA00A9133D /* callout_anchor@2x.png */,
				283B1AFA15564DEA00A9133D /* callout_bg.png */,
				283B1AFB15564DEA00A9133D /* callout_bg@2x.png */,
				283B1AFC15564DEA00A9133D /* callout_left.png */,
				283B1AFD15564DEA00A9133D /* callout_left@2x.png */,
				283B1AFE15564DEA00A9133D /* callout_right.png */,
				283B1AFF15564DEA00A9133D /* callout_right@2x.png */,
				283B1B0015564DEA00A9133D /* NAAnnotation.h */,
				283B1B0115564DEA00A9133D /* NAAnnotation.m */,
				283B1B0215564DEA00A9133D /* NACallOutView.h */,
				283B1B0315564DEA00A9133D /* NACallOutView.m */,
				283B1B0415564DEA00A9133D /* NAMapView.h */,
				283B1B0515564DEA00A9133D /* NAMapView.m */,
				283B1B0615564DEA00A9133D /* NAPinAnnotationView.h */,
				283B1B0715564DEA00A9133D /* NAPinAnnotationView.m */,
				283B1B0815564DEA00A9133D /* pinGreen.png */,
				283B1B0915564DEA00A9133D /* pinGreen@2x.png */,
				283B1B0A15564DEA00A9133D /* pinGreenFloating.png */,
				283B1B0B15564DEA00A9133D /* pinGreenFloating@2x.png */,
				283B1B0C15564DEA00A9133D /* pinPurple.png */,
				283B1B0D15564DEA00A9133D /* pinPurple@2x.png */,
				283B1B0E15564DEA00A9133D /* pinPurpleFloating.png */,
				283B1B0F15564DEA00A9133D /* pinPurpleFloating@2x.png */,
				283B1B1015564DEA00A9133D /* pinRed.png */,
				283B1B1115564DEA00A9133D /* pinRed@2x.png */,
				283B1B1215564DEA00A9133D /* pinRedFloating.png */,
				283B1B1315564DEA00A9133D /* pinRedFloating@2x.png */,
			);
			name = NAMapKit;
			sourceTree = "<group>";
		};
/* End PBXGroup section */

/* Begin PBXNativeTarget section */
		283B1AC815564BBD00A9133D /* Demo */ = {
			isa = PBXNativeTarget;
			buildConfigurationList = 283B1AED15564BBD00A9133D /* Build configuration list for PBXNativeTarget "Demo" */;
			buildPhases = (
				283B1AC515564BBD00A9133D /* Sources */,
				283B1AC615564BBD00A9133D /* Frameworks */,
				283B1AC715564BBD00A9133D /* Resources */,
			);
			buildRules = (
			);
			dependencies = (
			);
			name = Demo;
			productName = Demo;
			productReference = 283B1AC915564BBD00A9133D /* Demo.app */;
			productType = "com.apple.product-type.application";
		};
/* End PBXNativeTarget section */

/* Begin PBXProject section */
		283B1AC015564BBD00A9133D /* Project object */ = {
			isa = PBXProject;
			attributes = {
				CLASSPREFIX = NA;
				LastUpgradeCheck = 0430;
				ORGANIZATIONNAME = neilang.com;
			};
			buildConfigurationList = 283B1AC315564BBD00A9133D /* Build configuration list for PBXProject "Demo" */;
			compatibilityVersion = "Xcode 3.2";
			developmentRegion = English;
			hasScannedForEncodings = 0;
			knownRegions = (
				en,
			);
			mainGroup = 283B1ABE15564BBD00A9133D;
			productRefGroup = 283B1ACA15564BBD00A9133D /* Products */;
			projectDirPath = "";
			projectRoot = "";
			targets = (
				283B1AC815564BBD00A9133D /* Demo */,
			);
		};
/* End PBXProject section */

/* Begin PBXResourcesBuildPhase section */
		283B1AC715564BBD00A9133D /* Resources */ = {
			isa = PBXResourcesBuildPhase;
			buildActionMask = 2147483647;
			files = (
				283B1AD815564BBD00A9133D /* InfoPlist.strings in Resources */,
				283B1AE715564BBD00A9133D /* NAMasterViewController.xib in Resources */,
				283B1B1415564DEA00A9133D /* callout_anchor.png in Resources */,
				283B1B1515564DEA00A9133D /* callout_anchor@2x.png in Resources */,
				283B1B1615564DEA00A9133D /* callout_bg.png in Resources */,
				283B1B1715564DEA00A9133D /* callout_bg@2x.png in Resources */,
				283B1B1815564DEA00A9133D /* callout_left.png in Resources */,
				283B1B1915564DEA00A9133D /* callout_left@2x.png in Resources */,
				283B1B1A15564DEA00A9133D /* callout_right.png in Resources */,
				283B1B1B15564DEA00A9133D /* callout_right@2x.png in Resources */,
				283B1B2015564DEA00A9133D /* pinGreen.png in Resources */,
				283B1B2115564DEA00A9133D /* pinGreen@2x.png in Resources */,
				283B1B2215564DEA00A9133D /* pinGreenFloating.png in Resources */,
				283B1B2315564DEA00A9133D /* pinGreenFloating@2x.png in Resources */,
				283B1B2415564DEA00A9133D /* pinPurple.png in Resources */,
				283B1B2515564DEA00A9133D /* pinPurple@2x.png in Resources */,
				283B1B2615564DEA00A9133D /* pinPurpleFloating.png in Resources */,
				283B1B2715564DEA00A9133D /* pinPurpleFloating@2x.png in Resources */,
				283B1B2815564DEA00A9133D /* pinRed.png in Resources */,
				283B1B2915564DEA00A9133D /* pinRed@2x.png in Resources */,
				283B1B2A15564DEA00A9133D /* pinRedFloating.png in Resources */,
				283B1B2B15564DEA00A9133D /* pinRedFloating@2x.png in Resources */,
				283B1B2E15564EB500A9133D /* australia.png in Resources */,
				283B1B33155651FD00A9133D /* NALoadViaNIBDemoViewController.xib in Resources */,
				283B1B3B155659FB00A9133D /* NAInteractiveDemoViewController.xib in Resources */,
			);
			runOnlyForDeploymentPostprocessing = 0;
		};
/* End PBXResourcesBuildPhase section */

/* Begin PBXSourcesBuildPhase section */
		283B1AC515564BBD00A9133D /* Sources */ = {
			isa = PBXSourcesBuildPhase;
			buildActionMask = 2147483647;
			files = (
				283B1ADA15564BBD00A9133D /* main.m in Sources */,
				283B1ADE15564BBD00A9133D /* NAAppDelegate.m in Sources */,
				283B1AE115564BBD00A9133D /* NAMasterViewController.m in Sources */,
				283B1AF215564D4900A9133D /* NABasicDemoViewController.m in Sources */,
				283B1B1C15564DEA00A9133D /* NAAnnotation.m in Sources */,
				283B1B1D15564DEA00A9133D /* NACallOutView.m in Sources */,
				283B1B1E15564DEA00A9133D /* NAMapView.m in Sources */,
				283B1B1F15564DEA00A9133D /* NAPinAnnotationView.m in Sources */,
				283B1B32155651FD00A9133D /* NALoadViaNIBDemoViewController.m in Sources */,
				283B1B361556557900A9133D /* NAAnimatedDemoViewController.m in Sources */,
				283B1B3A155659FB00A9133D /* NAInteractiveDemoViewController.m in Sources */,
			);
			runOnlyForDeploymentPostprocessing = 0;
		};
/* End PBXSourcesBuildPhase section */

/* Begin PBXVariantGroup section */
		283B1AD615564BBD00A9133D /* InfoPlist.strings */ = {
			isa = PBXVariantGroup;
			children = (
				283B1AD715564BBD00A9133D /* en */,
			);
			name = InfoPlist.strings;
			sourceTree = "<group>";
		};
		283B1AE515564BBD00A9133D /* NAMasterViewController.xib */ = {
			isa = PBXVariantGroup;
			children = (
				283B1AE615564BBD00A9133D /* en */,
			);
			name = NAMasterViewController.xib;
			sourceTree = "<group>";
		};
/* End PBXVariantGroup section */

/* Begin XCBuildConfiguration section */
		283B1AEB15564BBD00A9133D /* Debug */ = {
			isa = XCBuildConfiguration;
			buildSettings = {
				ALWAYS_SEARCH_USER_PATHS = NO;
				ARCHS = "$(ARCHS_STANDARD_32_BIT)";
				CLANG_ENABLE_OBJC_ARC = YES;
				"CODE_SIGN_IDENTITY[sdk=iphoneos*]" = "iPhone Developer";
				COPY_PHASE_STRIP = NO;
				GCC_C_LANGUAGE_STANDARD = gnu99;
				GCC_DYNAMIC_NO_PIC = NO;
				GCC_OPTIMIZATION_LEVEL = 0;
				GCC_PREPROCESSOR_DEFINITIONS = (
					"DEBUG=1",
					"$(inherited)",
				);
				GCC_SYMBOLS_PRIVATE_EXTERN = NO;
				GCC_VERSION = com.apple.compilers.llvm.clang.1_0;
				GCC_WARN_ABOUT_RETURN_TYPE = YES;
				GCC_WARN_UNINITIALIZED_AUTOS = YES;
				GCC_WARN_UNUSED_VARIABLE = YES;
				IPHONEOS_DEPLOYMENT_TARGET = 5.1;
				SDKROOT = iphoneos;
			};
			name = Debug;
		};
		283B1AEC15564BBD00A9133D /* Release */ = {
			isa = XCBuildConfiguration;
			buildSettings = {
				ALWAYS_SEARCH_USER_PATHS = NO;
				ARCHS = "$(ARCHS_STANDARD_32_BIT)";
				CLANG_ENABLE_OBJC_ARC = YES;
				"CODE_SIGN_IDENTITY[sdk=iphoneos*]" = "iPhone Developer";
				COPY_PHASE_STRIP = YES;
				GCC_C_LANGUAGE_STANDARD = gnu99;
				GCC_VERSION = com.apple.compilers.llvm.clang.1_0;
				GCC_WARN_ABOUT_RETURN_TYPE = YES;
				GCC_WARN_UNINITIALIZED_AUTOS = YES;
				GCC_WARN_UNUSED_VARIABLE = YES;
				IPHONEOS_DEPLOYMENT_TARGET = 5.1;
				OTHER_CFLAGS = "-DNS_BLOCK_ASSERTIONS=1";
				SDKROOT = iphoneos;
				VALIDATE_PRODUCT = YES;
			};
			name = Release;
		};
		283B1AEE15564BBD00A9133D /* Debug */ = {
			isa = XCBuildConfiguration;
			buildSettings = {
				GCC_PRECOMPILE_PREFIX_HEADER = YES;
				GCC_PREFIX_HEADER = "Demo/Demo-Prefix.pch";
				INFOPLIST_FILE = "Demo/Demo-Info.plist";
				PRODUCT_NAME = "$(TARGET_NAME)";
				WRAPPER_EXTENSION = app;
			};
			name = Debug;
		};
		283B1AEF15564BBD00A9133D /* Release */ = {
			isa = XCBuildConfiguration;
			buildSettings = {
				GCC_PRECOMPILE_PREFIX_HEADER = YES;
				GCC_PREFIX_HEADER = "Demo/Demo-Prefix.pch";
				INFOPLIST_FILE = "Demo/Demo-Info.plist";
				PRODUCT_NAME = "$(TARGET_NAME)";
				WRAPPER_EXTENSION = app;
			};
			name = Release;
		};
/* End XCBuildConfiguration section */

/* Begin XCConfigurationList section */
		283B1AC315564BBD00A9133D /* Build configuration list for PBXProject "Demo" */ = {
			isa = XCConfigurationList;
			buildConfigurations = (
				283B1AEB15564BBD00A9133D /* Debug */,
				283B1AEC15564BBD00A9133D /* Release */,
			);
			defaultConfigurationIsVisible = 0;
			defaultConfigurationName = Release;
		};
		283B1AED15564BBD00A9133D /* Build configuration list for PBXNativeTarget "Demo" */ = {
			isa = XCConfigurationList;
			buildConfigurations = (
				283B1AEE15564BBD00A9133D /* Debug */,
				283B1AEF15564BBD00A9133D /* Release */,
			);
			defaultConfigurationIsVisible = 0;
			defaultConfigurationName = Release;
		};
/* End XCConfigurationList section */
	};
	rootObject = 283B1AC015564BBD00A9133D /* Project object */;
}
