// !$*UTF8*$!
{
	archiveVersion = 1;
	classes = {
	};
	objectVersion = 46;
	objects = {

/* Begin PBXBuildFile section */
		07DDEB3EBEEC4C6FAF715BF1 /* libPods-DemoTests.a in Frameworks */ = {isa = PBXBuildFile; fileRef = 98DB4ADA533041DD9D9E7647 /* libPods-DemoTests.a */; };
		273E9EE865984F44A8AF2A9D /* libPods.a in Frameworks */ = {isa = PBXBuildFile; fileRef = D2957D8BD1FB4630AD6F922F /* libPods.a */; };
		3C79CCB618D71AF500F6DF9F /* Maps in Resources */ = {isa = PBXBuildFile; fileRef = 3C79CCB518D71AF500F6DF9F /* Maps */; };
		3C7F86CD18CE609200F7091A /* NATiledImageDemoViewController.m in Sources */ = {isa = PBXBuildFile; fileRef = 3C7F86CC18CE609200F7091A /* NATiledImageDemoViewController.m */; };
		3C990C8518CF60FB00BF4C44 /* NATiledImageMapViewControllerTests.m in Sources */ = {isa = PBXBuildFile; fileRef = 3C990C8418CF60FB00BF4C44 /* NATiledImageMapViewControllerTests.m */; };
		3C9F354518CA838600EA1F22 /* NAMasterViewControllerTests.m in Sources */ = {isa = PBXBuildFile; fileRef = 3C9F354418CA838600EA1F22 /* NAMasterViewControllerTests.m */; };
		3C9F354718CA862100EA1F22 /* NAPinAnnotationsDemoViewControllerTests.m in Sources */ = {isa = PBXBuildFile; fileRef = 3C9F354618CA862100EA1F22 /* NAPinAnnotationsDemoViewControllerTests.m */; };
		3C9F354918CA86D600EA1F22 /* NAInteractiveDemoViewControllerTests.m in Sources */ = {isa = PBXBuildFile; fileRef = 3C9F354818CA86D600EA1F22 /* NAInteractiveDemoViewControllerTests.m */; };
		3C9F354B18CA876700EA1F22 /* NALoadViaNIBDemoViewControllerTests.m in Sources */ = {isa = PBXBuildFile; fileRef = 3C9F354A18CA876700EA1F22 /* NALoadViaNIBDemoViewControllerTests.m */; };
		3C9F354E18CA922C00EA1F22 /* NADotAnnotationDemoViewController.m in Sources */ = {isa = PBXBuildFile; fileRef = 3C9F354D18CA922C00EA1F22 /* NADotAnnotationDemoViewController.m */; };
		3C9F355018CB8B6000EA1F22 /* NAAnnotationDemoViewControllerTests.m in Sources */ = {isa = PBXBuildFile; fileRef = 3C9F354F18CB8B6000EA1F22 /* NAAnnotationDemoViewControllerTests.m */; };
		3CB0E6D718C8B9E2009CE8DB /* Foundation.framework in Frameworks */ = {isa = PBXBuildFile; fileRef = 3CB0E6D618C8B9E2009CE8DB /* Foundation.framework */; };
		3CB0E6D918C8B9E2009CE8DB /* CoreGraphics.framework in Frameworks */ = {isa = PBXBuildFile; fileRef = 3CB0E6D818C8B9E2009CE8DB /* CoreGraphics.framework */; };
		3CB0E6DB18C8B9E2009CE8DB /* UIKit.framework in Frameworks */ = {isa = PBXBuildFile; fileRef = 3CB0E6DA18C8B9E2009CE8DB /* UIKit.framework */; };
		3CB0E6E118C8B9E2009CE8DB /* InfoPlist.strings in Resources */ = {isa = PBXBuildFile; fileRef = 3CB0E6DF18C8B9E2009CE8DB /* InfoPlist.strings */; };
		3CB0E6E318C8B9E2009CE8DB /* main.m in Sources */ = {isa = PBXBuildFile; fileRef = 3CB0E6E218C8B9E2009CE8DB /* main.m */; };
		3CB0E6EF18C8B9E2009CE8DB /* Images.xcassets in Resources */ = {isa = PBXBuildFile; fileRef = 3CB0E6EE18C8B9E2009CE8DB /* Images.xcassets */; };
		3CB0E6F618C8B9E2009CE8DB /* XCTest.framework in Frameworks */ = {isa = PBXBuildFile; fileRef = 3CB0E6F518C8B9E2009CE8DB /* XCTest.framework */; };
		3CB0E6F718C8B9E2009CE8DB /* Foundation.framework in Frameworks */ = {isa = PBXBuildFile; fileRef = 3CB0E6D618C8B9E2009CE8DB /* Foundation.framework */; };
		3CB0E6F818C8B9E3009CE8DB /* UIKit.framework in Frameworks */ = {isa = PBXBuildFile; fileRef = 3CB0E6DA18C8B9E2009CE8DB /* UIKit.framework */; };
		3CB0E70018C8B9E3009CE8DB /* InfoPlist.strings in Resources */ = {isa = PBXBuildFile; fileRef = 3CB0E6FE18C8B9E3009CE8DB /* InfoPlist.strings */; };
		3CB0E71B18C8BB08009CE8DB /* NAAnimatedDemoViewController.m in Sources */ = {isa = PBXBuildFile; fileRef = 3CB0E70C18C8BB08009CE8DB /* NAAnimatedDemoViewController.m */; };
		3CB0E71C18C8BB08009CE8DB /* NAAppDelegate.m in Sources */ = {isa = PBXBuildFile; fileRef = 3CB0E70E18C8BB08009CE8DB /* NAAppDelegate.m */; };
		3CB0E71D18C8BB08009CE8DB /* NAPinAnnotationsDemoViewController.m in Sources */ = {isa = PBXBuildFile; fileRef = 3CB0E71018C8BB08009CE8DB /* NAPinAnnotationsDemoViewController.m */; };
		3CB0E71E18C8BB08009CE8DB /* NAInteractiveDemoViewController.m in Sources */ = {isa = PBXBuildFile; fileRef = 3CB0E71218C8BB08009CE8DB /* NAInteractiveDemoViewController.m */; };
		3CB0E71F18C8BB08009CE8DB /* NAInteractiveDemoViewController.xib in Resources */ = {isa = PBXBuildFile; fileRef = 3CB0E71318C8BB08009CE8DB /* NAInteractiveDemoViewController.xib */; };
		3CB0E72018C8BB08009CE8DB /* NALoadViaNIBDemoViewController.m in Sources */ = {isa = PBXBuildFile; fileRef = 3CB0E71518C8BB08009CE8DB /* NALoadViaNIBDemoViewController.m */; };
		3CB0E72118C8BB08009CE8DB /* NALoadViaNIBDemoViewController.xib in Resources */ = {isa = PBXBuildFile; fileRef = 3CB0E71618C8BB08009CE8DB /* NALoadViaNIBDemoViewController.xib */; };
		3CB0E72218C8BB08009CE8DB /* NAMasterViewController.m in Sources */ = {isa = PBXBuildFile; fileRef = 3CB0E71818C8BB08009CE8DB /* NAMasterViewController.m */; };
		3CB0E72A18C8BC62009CE8DB /* NAMasterViewController.xib in Resources */ = {isa = PBXBuildFile; fileRef = 3CB0E72818C8BC62009CE8DB /* NAMasterViewController.xib */; };
		3CB0E72F18C8C9A4009CE8DB /* NAMapViewTests.m in Sources */ = {isa = PBXBuildFile; fileRef = 3CB0E72E18C8C9A4009CE8DB /* NAMapViewTests.m */; };
		659BA77C1CD9C93E0035CEC9 /* NAPinAnnotationPopup.m in Sources */ = {isa = PBXBuildFile; fileRef = 659BA7771CD9C93E0035CEC9 /* NAPinAnnotationPopup.m */; };
		659BA77D1CD9C93E0035CEC9 /* NAPinAnnotationPopupCircleCallOutView.m in Sources */ = {isa = PBXBuildFile; fileRef = 659BA7791CD9C93E0035CEC9 /* NAPinAnnotationPopupCircleCallOutView.m */; };
		659BA77E1CD9C93E0035CEC9 /* NAPinAnnotationPopupMapView.m in Sources */ = {isa = PBXBuildFile; fileRef = 659BA77B1CD9C93E0035CEC9 /* NAPinAnnotationPopupMapView.m */; };
		659BA7811CD9C9490035CEC9 /* NAPinAnnotationsPopupMenuDemoViewController.m in Sources */ = {isa = PBXBuildFile; fileRef = 659BA7801CD9C9490035CEC9 /* NAPinAnnotationsPopupMenuDemoViewController.m */; };
/* End PBXBuildFile section */

/* Begin PBXContainerItemProxy section */
		3CB0E6F918C8B9E3009CE8DB /* PBXContainerItemProxy */ = {
			isa = PBXContainerItemProxy;
			containerPortal = 3CB0E6CB18C8B9E2009CE8DB /* Project object */;
			proxyType = 1;
			remoteGlobalIDString = 3CB0E6D218C8B9E2009CE8DB;
			remoteInfo = Demo;
		};
/* End PBXContainerItemProxy section */

/* Begin PBXFileReference section */
		30601F3554C155E46F9E779B /* Pods.debug.xcconfig */ = {isa = PBXFileReference; includeInIndex = 1; lastKnownFileType = text.xcconfig; name = Pods.debug.xcconfig; path = "Pods/Target Support Files/Pods/Pods.debug.xcconfig"; sourceTree = "<group>"; };
		3C79CCB518D71AF500F6DF9F /* Maps */ = {isa = PBXFileReference; lastKnownFileType = folder; path = Maps; sourceTree = SOURCE_ROOT; };
		3C7F86CB18CE609200F7091A /* NATiledImageDemoViewController.h */ = {isa = PBXFileReference; fileEncoding = 4; lastKnownFileType = sourcecode.c.h; path = NATiledImageDemoViewController.h; sourceTree = "<group>"; };
		3C7F86CC18CE609200F7091A /* NATiledImageDemoViewController.m */ = {isa = PBXFileReference; fileEncoding = 4; lastKnownFileType = sourcecode.c.objc; path = NATiledImageDemoViewController.m; sourceTree = "<group>"; };
		3C990C8418CF60FB00BF4C44 /* NATiledImageMapViewControllerTests.m */ = {isa = PBXFileReference; fileEncoding = 4; lastKnownFileType = sourcecode.c.objc; path = NATiledImageMapViewControllerTests.m; sourceTree = "<group>"; };
		3C9F354418CA838600EA1F22 /* NAMasterViewControllerTests.m */ = {isa = PBXFileReference; fileEncoding = 4; lastKnownFileType = sourcecode.c.objc; path = NAMasterViewControllerTests.m; sourceTree = "<group>"; };
		3C9F354618CA862100EA1F22 /* NAPinAnnotationsDemoViewControllerTests.m */ = {isa = PBXFileReference; fileEncoding = 4; lastKnownFileType = sourcecode.c.objc; path = NAPinAnnotationsDemoViewControllerTests.m; sourceTree = "<group>"; };
		3C9F354818CA86D600EA1F22 /* NAInteractiveDemoViewControllerTests.m */ = {isa = PBXFileReference; fileEncoding = 4; lastKnownFileType = sourcecode.c.objc; path = NAInteractiveDemoViewControllerTests.m; sourceTree = "<group>"; };
		3C9F354A18CA876700EA1F22 /* NALoadViaNIBDemoViewControllerTests.m */ = {isa = PBXFileReference; fileEncoding = 4; lastKnownFileType = sourcecode.c.objc; path = NALoadViaNIBDemoViewControllerTests.m; sourceTree = "<group>"; };
		3C9F354C18CA922C00EA1F22 /* NADotAnnotationDemoViewController.h */ = {isa = PBXFileReference; fileEncoding = 4; lastKnownFileType = sourcecode.c.h; path = NADotAnnotationDemoViewController.h; sourceTree = "<group>"; };
		3C9F354D18CA922C00EA1F22 /* NADotAnnotationDemoViewController.m */ = {isa = PBXFileReference; fileEncoding = 4; lastKnownFileType = sourcecode.c.objc; path = NADotAnnotationDemoViewController.m; sourceTree = "<group>"; };
		3C9F354F18CB8B6000EA1F22 /* NAAnnotationDemoViewControllerTests.m */ = {isa = PBXFileReference; fileEncoding = 4; lastKnownFileType = sourcecode.c.objc; path = NAAnnotationDemoViewControllerTests.m; sourceTree = "<group>"; };
		3CB0E6D318C8B9E2009CE8DB /* Demo.app */ = {isa = PBXFileReference; explicitFileType = wrapper.application; includeInIndex = 0; path = Demo.app; sourceTree = BUILT_PRODUCTS_DIR; };
		3CB0E6D618C8B9E2009CE8DB /* Foundation.framework */ = {isa = PBXFileReference; lastKnownFileType = wrapper.framework; name = Foundation.framework; path = System/Library/Frameworks/Foundation.framework; sourceTree = SDKROOT; };
		3CB0E6D818C8B9E2009CE8DB /* CoreGraphics.framework */ = {isa = PBXFileReference; lastKnownFileType = wrapper.framework; name = CoreGraphics.framework; path = System/Library/Frameworks/CoreGraphics.framework; sourceTree = SDKROOT; };
		3CB0E6DA18C8B9E2009CE8DB /* UIKit.framework */ = {isa = PBXFileReference; lastKnownFileType = wrapper.framework; name = UIKit.framework; path = System/Library/Frameworks/UIKit.framework; sourceTree = SDKROOT; };
		3CB0E6DE18C8B9E2009CE8DB /* Demo-Info.plist */ = {isa = PBXFileReference; lastKnownFileType = text.plist.xml; path = "Demo-Info.plist"; sourceTree = "<group>"; };
		3CB0E6E018C8B9E2009CE8DB /* en */ = {isa = PBXFileReference; lastKnownFileType = text.plist.strings; name = en; path = en.lproj/InfoPlist.strings; sourceTree = "<group>"; };
		3CB0E6E218C8B9E2009CE8DB /* main.m */ = {isa = PBXFileReference; lastKnownFileType = sourcecode.c.objc; path = main.m; sourceTree = "<group>"; };
		3CB0E6E418C8B9E2009CE8DB /* Demo-Prefix.pch */ = {isa = PBXFileReference; lastKnownFileType = sourcecode.c.h; path = "Demo-Prefix.pch"; sourceTree = "<group>"; };
		3CB0E6EE18C8B9E2009CE8DB /* Images.xcassets */ = {isa = PBXFileReference; lastKnownFileType = folder.assetcatalog; path = Images.xcassets; sourceTree = "<group>"; };
		3CB0E6F418C8B9E2009CE8DB /* DemoTests.xctest */ = {isa = PBXFileReference; explicitFileType = wrapper.cfbundle; includeInIndex = 0; path = DemoTests.xctest; sourceTree = BUILT_PRODUCTS_DIR; };
		3CB0E6F518C8B9E2009CE8DB /* XCTest.framework */ = {isa = PBXFileReference; lastKnownFileType = wrapper.framework; name = XCTest.framework; path = Library/Frameworks/XCTest.framework; sourceTree = DEVELOPER_DIR; };
		3CB0E6FD18C8B9E3009CE8DB /* DemoTests-Info.plist */ = {isa = PBXFileReference; lastKnownFileType = text.plist.xml; path = "DemoTests-Info.plist"; sourceTree = "<group>"; };
		3CB0E6FF18C8B9E3009CE8DB /* en */ = {isa = PBXFileReference; lastKnownFileType = text.plist.strings; name = en; path = en.lproj/InfoPlist.strings; sourceTree = "<group>"; };
		3CB0E70B18C8BB08009CE8DB /* NAAnimatedDemoViewController.h */ = {isa = PBXFileReference; fileEncoding = 4; lastKnownFileType = sourcecode.c.h; path = NAAnimatedDemoViewController.h; sourceTree = "<group>"; };
		3CB0E70C18C8BB08009CE8DB /* NAAnimatedDemoViewController.m */ = {isa = PBXFileReference; fileEncoding = 4; lastKnownFileType = sourcecode.c.objc; path = NAAnimatedDemoViewController.m; sourceTree = "<group>"; };
		3CB0E70D18C8BB08009CE8DB /* NAAppDelegate.h */ = {isa = PBXFileReference; fileEncoding = 4; lastKnownFileType = sourcecode.c.h; path = NAAppDelegate.h; sourceTree = "<group>"; };
		3CB0E70E18C8BB08009CE8DB /* NAAppDelegate.m */ = {isa = PBXFileReference; fileEncoding = 4; lastKnownFileType = sourcecode.c.objc; path = NAAppDelegate.m; sourceTree = "<group>"; };
		3CB0E70F18C8BB08009CE8DB /* NAPinAnnotationsDemoViewController.h */ = {isa = PBXFileReference; fileEncoding = 4; lastKnownFileType = sourcecode.c.h; path = NAPinAnnotationsDemoViewController.h; sourceTree = "<group>"; };
		3CB0E71018C8BB08009CE8DB /* NAPinAnnotationsDemoViewController.m */ = {isa = PBXFileReference; fileEncoding = 4; lastKnownFileType = sourcecode.c.objc; path = NAPinAnnotationsDemoViewController.m; sourceTree = "<group>"; };
		3CB0E71118C8BB08009CE8DB /* NAInteractiveDemoViewController.h */ = {isa = PBXFileReference; fileEncoding = 4; lastKnownFileType = sourcecode.c.h; path = NAInteractiveDemoViewController.h; sourceTree = "<group>"; };
		3CB0E71218C8BB08009CE8DB /* NAInteractiveDemoViewController.m */ = {isa = PBXFileReference; fileEncoding = 4; lastKnownFileType = sourcecode.c.objc; path = NAInteractiveDemoViewController.m; sourceTree = "<group>"; };
		3CB0E71318C8BB08009CE8DB /* NAInteractiveDemoViewController.xib */ = {isa = PBXFileReference; fileEncoding = 4; lastKnownFileType = file.xib; path = NAInteractiveDemoViewController.xib; sourceTree = "<group>"; };
		3CB0E71418C8BB08009CE8DB /* NALoadViaNIBDemoViewController.h */ = {isa = PBXFileReference; fileEncoding = 4; lastKnownFileType = sourcecode.c.h; path = NALoadViaNIBDemoViewController.h; sourceTree = "<group>"; };
		3CB0E71518C8BB08009CE8DB /* NALoadViaNIBDemoViewController.m */ = {isa = PBXFileReference; fileEncoding = 4; lastKnownFileType = sourcecode.c.objc; path = NALoadViaNIBDemoViewController.m; sourceTree = "<group>"; };
		3CB0E71618C8BB08009CE8DB /* NALoadViaNIBDemoViewController.xib */ = {isa = PBXFileReference; fileEncoding = 4; lastKnownFileType = file.xib; path = NALoadViaNIBDemoViewController.xib; sourceTree = "<group>"; };
		3CB0E71718C8BB08009CE8DB /* NAMasterViewController.h */ = {isa = PBXFileReference; fileEncoding = 4; lastKnownFileType = sourcecode.c.h; path = NAMasterViewController.h; sourceTree = "<group>"; };
		3CB0E71818C8BB08009CE8DB /* NAMasterViewController.m */ = {isa = PBXFileReference; fileEncoding = 4; lastKnownFileType = sourcecode.c.objc; path = NAMasterViewController.m; sourceTree = "<group>"; };
		3CB0E72918C8BC62009CE8DB /* en */ = {isa = PBXFileReference; lastKnownFileType = file.xib; name = en; path = en.lproj/NAMasterViewController.xib; sourceTree = "<group>"; };
		3CB0E72B18C8BD61009CE8DB /* DemoTests-Prefix.pch */ = {isa = PBXFileReference; fileEncoding = 4; lastKnownFileType = sourcecode.c.h; path = "DemoTests-Prefix.pch"; sourceTree = "<group>"; };
		3CB0E72E18C8C9A4009CE8DB /* NAMapViewTests.m */ = {isa = PBXFileReference; fileEncoding = 4; lastKnownFileType = sourcecode.c.objc; path = NAMapViewTests.m; sourceTree = "<group>"; };
		3EA578786DAD470F3EAEAF6F /* Pods-DemoTests.release.xcconfig */ = {isa = PBXFileReference; includeInIndex = 1; lastKnownFileType = text.xcconfig; name = "Pods-DemoTests.release.xcconfig"; path = "Pods/Target Support Files/Pods-DemoTests/Pods-DemoTests.release.xcconfig"; sourceTree = "<group>"; };
		659BA7761CD9C93E0035CEC9 /* NAPinAnnotationPopup.h */ = {isa = PBXFileReference; fileEncoding = 4; lastKnownFileType = sourcecode.c.h; path = NAPinAnnotationPopup.h; sourceTree = "<group>"; };
		659BA7771CD9C93E0035CEC9 /* NAPinAnnotationPopup.m */ = {isa = PBXFileReference; fileEncoding = 4; lastKnownFileType = sourcecode.c.objc; path = NAPinAnnotationPopup.m; sourceTree = "<group>"; };
		659BA7781CD9C93E0035CEC9 /* NAPinAnnotationPopupCircleCallOutView.h */ = {isa = PBXFileReference; fileEncoding = 4; lastKnownFileType = sourcecode.c.h; path = NAPinAnnotationPopupCircleCallOutView.h; sourceTree = "<group>"; };
		659BA7791CD9C93E0035CEC9 /* NAPinAnnotationPopupCircleCallOutView.m */ = {isa = PBXFileReference; fileEncoding = 4; lastKnownFileType = sourcecode.c.objc; path = NAPinAnnotationPopupCircleCallOutView.m; sourceTree = "<group>"; };
		659BA77A1CD9C93E0035CEC9 /* NAPinAnnotationPopupMapView.h */ = {isa = PBXFileReference; fileEncoding = 4; lastKnownFileType = sourcecode.c.h; path = NAPinAnnotationPopupMapView.h; sourceTree = "<group>"; };
		659BA77B1CD9C93E0035CEC9 /* NAPinAnnotationPopupMapView.m */ = {isa = PBXFileReference; fileEncoding = 4; lastKnownFileType = sourcecode.c.objc; path = NAPinAnnotationPopupMapView.m; sourceTree = "<group>"; };
		659BA77F1CD9C9490035CEC9 /* NAPinAnnotationsPopupMenuDemoViewController.h */ = {isa = PBXFileReference; fileEncoding = 4; lastKnownFileType = sourcecode.c.h; path = NAPinAnnotationsPopupMenuDemoViewController.h; sourceTree = "<group>"; };
		659BA7801CD9C9490035CEC9 /* NAPinAnnotationsPopupMenuDemoViewController.m */ = {isa = PBXFileReference; fileEncoding = 4; lastKnownFileType = sourcecode.c.objc; path = NAPinAnnotationsPopupMenuDemoViewController.m; sourceTree = "<group>"; };
		98DB4ADA533041DD9D9E7647 /* libPods-DemoTests.a */ = {isa = PBXFileReference; explicitFileType = archive.ar; includeInIndex = 0; path = "libPods-DemoTests.a"; sourceTree = BUILT_PRODUCTS_DIR; };
		D1E0B94B20F955D6CEF6E6B7 /* Pods-DemoTests.debug.xcconfig */ = {isa = PBXFileReference; includeInIndex = 1; lastKnownFileType = text.xcconfig; name = "Pods-DemoTests.debug.xcconfig"; path = "Pods/Target Support Files/Pods-DemoTests/Pods-DemoTests.debug.xcconfig"; sourceTree = "<group>"; };
		D2957D8BD1FB4630AD6F922F /* libPods.a */ = {isa = PBXFileReference; explicitFileType = archive.ar; includeInIndex = 0; path = libPods.a; sourceTree = BUILT_PRODUCTS_DIR; };
		DF926361CF145B69DE0D2575 /* Pods.release.xcconfig */ = {isa = PBXFileReference; includeInIndex = 1; lastKnownFileType = text.xcconfig; name = Pods.release.xcconfig; path = "Pods/Target Support Files/Pods/Pods.release.xcconfig"; sourceTree = "<group>"; };
/* End PBXFileReference section */

/* Begin PBXFrameworksBuildPhase section */
		3CB0E6D018C8B9E2009CE8DB /* Frameworks */ = {
			isa = PBXFrameworksBuildPhase;
			buildActionMask = 2147483647;
			files = (
				3CB0E6D918C8B9E2009CE8DB /* CoreGraphics.framework in Frameworks */,
				3CB0E6DB18C8B9E2009CE8DB /* UIKit.framework in Frameworks */,
				3CB0E6D718C8B9E2009CE8DB /* Foundation.framework in Frameworks */,
				273E9EE865984F44A8AF2A9D /* libPods.a in Frameworks */,
			);
			runOnlyForDeploymentPostprocessing = 0;
		};
		3CB0E6F118C8B9E2009CE8DB /* Frameworks */ = {
			isa = PBXFrameworksBuildPhase;
			buildActionMask = 2147483647;
			files = (
				3CB0E6F618C8B9E2009CE8DB /* XCTest.framework in Frameworks */,
				3CB0E6F818C8B9E3009CE8DB /* UIKit.framework in Frameworks */,
				3CB0E6F718C8B9E2009CE8DB /* Foundation.framework in Frameworks */,
				07DDEB3EBEEC4C6FAF715BF1 /* libPods-DemoTests.a in Frameworks */,
			);
			runOnlyForDeploymentPostprocessing = 0;
		};
/* End PBXFrameworksBuildPhase section */

/* Begin PBXGroup section */
		3CB0E6CA18C8B9E2009CE8DB = {
			isa = PBXGroup;
			children = (
				3CB0E6DC18C8B9E2009CE8DB /* Demo */,
				3CB0E6FB18C8B9E3009CE8DB /* DemoTests */,
				3CB0E6D518C8B9E2009CE8DB /* Frameworks */,
				3CB0E6D418C8B9E2009CE8DB /* Products */,
				51F3C6C6F20AB38F3EAD1068 /* Pods */,
			);
			sourceTree = "<group>";
		};
		3CB0E6D418C8B9E2009CE8DB /* Products */ = {
			isa = PBXGroup;
			children = (
				3CB0E6D318C8B9E2009CE8DB /* Demo.app */,
				3CB0E6F418C8B9E2009CE8DB /* DemoTests.xctest */,
			);
			name = Products;
			sourceTree = "<group>";
		};
		3CB0E6D518C8B9E2009CE8DB /* Frameworks */ = {
			isa = PBXGroup;
			children = (
				3CB0E6D618C8B9E2009CE8DB /* Foundation.framework */,
				3CB0E6D818C8B9E2009CE8DB /* CoreGraphics.framework */,
				3CB0E6DA18C8B9E2009CE8DB /* UIKit.framework */,
				3CB0E6F518C8B9E2009CE8DB /* XCTest.framework */,
				D2957D8BD1FB4630AD6F922F /* libPods.a */,
				98DB4ADA533041DD9D9E7647 /* libPods-DemoTests.a */,
			);
			name = Frameworks;
			sourceTree = "<group>";
		};
		3CB0E6DC18C8B9E2009CE8DB /* Demo */ = {
			isa = PBXGroup;
			children = (
				659BA7751CD9C92E0035CEC9 /* Popup */,
				3C79CCB518D71AF500F6DF9F /* Maps */,
				3CB0E72818C8BC62009CE8DB /* NAMasterViewController.xib */,
				3CB0E70B18C8BB08009CE8DB /* NAAnimatedDemoViewController.h */,
				3CB0E70C18C8BB08009CE8DB /* NAAnimatedDemoViewController.m */,
				3CB0E70D18C8BB08009CE8DB /* NAAppDelegate.h */,
				3CB0E70E18C8BB08009CE8DB /* NAAppDelegate.m */,
				3CB0E70F18C8BB08009CE8DB /* NAPinAnnotationsDemoViewController.h */,
				3CB0E71018C8BB08009CE8DB /* NAPinAnnotationsDemoViewController.m */,
				659BA77F1CD9C9490035CEC9 /* NAPinAnnotationsPopupMenuDemoViewController.h */,
				659BA7801CD9C9490035CEC9 /* NAPinAnnotationsPopupMenuDemoViewController.m */,
				3CB0E71118C8BB08009CE8DB /* NAInteractiveDemoViewController.h */,
				3CB0E71218C8BB08009CE8DB /* NAInteractiveDemoViewController.m */,
				3CB0E71318C8BB08009CE8DB /* NAInteractiveDemoViewController.xib */,
				3CB0E71418C8BB08009CE8DB /* NALoadViaNIBDemoViewController.h */,
				3CB0E71518C8BB08009CE8DB /* NALoadViaNIBDemoViewController.m */,
				3CB0E71618C8BB08009CE8DB /* NALoadViaNIBDemoViewController.xib */,
				3CB0E71718C8BB08009CE8DB /* NAMasterViewController.h */,
				3CB0E71818C8BB08009CE8DB /* NAMasterViewController.m */,
				3CB0E6EE18C8B9E2009CE8DB /* Images.xcassets */,
				3CB0E6DD18C8B9E2009CE8DB /* Supporting Files */,
				3C9F354C18CA922C00EA1F22 /* NADotAnnotationDemoViewController.h */,
				3C9F354D18CA922C00EA1F22 /* NADotAnnotationDemoViewController.m */,
				3C7F86CB18CE609200F7091A /* NATiledImageDemoViewController.h */,
				3C7F86CC18CE609200F7091A /* NATiledImageDemoViewController.m */,
			);
			path = Demo;
			sourceTree = "<group>";
		};
		3CB0E6DD18C8B9E2009CE8DB /* Supporting Files */ = {
			isa = PBXGroup;
			children = (
				3CB0E6DE18C8B9E2009CE8DB /* Demo-Info.plist */,
				3CB0E6DF18C8B9E2009CE8DB /* InfoPlist.strings */,
				3CB0E6E218C8B9E2009CE8DB /* main.m */,
				3CB0E6E418C8B9E2009CE8DB /* Demo-Prefix.pch */,
			);
			name = "Supporting Files";
			sourceTree = "<group>";
		};
		3CB0E6FB18C8B9E3009CE8DB /* DemoTests */ = {
			isa = PBXGroup;
			children = (
				3CB0E72E18C8C9A4009CE8DB /* NAMapViewTests.m */,
				3CB0E6FC18C8B9E3009CE8DB /* Supporting Files */,
				3C9F354418CA838600EA1F22 /* NAMasterViewControllerTests.m */,
				3C9F354618CA862100EA1F22 /* NAPinAnnotationsDemoViewControllerTests.m */,
				3C9F354818CA86D600EA1F22 /* NAInteractiveDemoViewControllerTests.m */,
				3C9F354A18CA876700EA1F22 /* NALoadViaNIBDemoViewControllerTests.m */,
				3C9F354F18CB8B6000EA1F22 /* NAAnnotationDemoViewControllerTests.m */,
				3C990C8418CF60FB00BF4C44 /* NATiledImageMapViewControllerTests.m */,
			);
			path = DemoTests;
			sourceTree = "<group>";
		};
		3CB0E6FC18C8B9E3009CE8DB /* Supporting Files */ = {
			isa = PBXGroup;
			children = (
				3CB0E72B18C8BD61009CE8DB /* DemoTests-Prefix.pch */,
				3CB0E6FD18C8B9E3009CE8DB /* DemoTests-Info.plist */,
				3CB0E6FE18C8B9E3009CE8DB /* InfoPlist.strings */,
			);
			name = "Supporting Files";
			sourceTree = "<group>";
		};
		51F3C6C6F20AB38F3EAD1068 /* Pods */ = {
			isa = PBXGroup;
			children = (
				30601F3554C155E46F9E779B /* Pods.debug.xcconfig */,
				DF926361CF145B69DE0D2575 /* Pods.release.xcconfig */,
				D1E0B94B20F955D6CEF6E6B7 /* Pods-DemoTests.debug.xcconfig */,
				3EA578786DAD470F3EAEAF6F /* Pods-DemoTests.release.xcconfig */,
			);
			name = Pods;
			sourceTree = "<group>";
		};
		659BA7751CD9C92E0035CEC9 /* Popup */ = {
			isa = PBXGroup;
			children = (
				659BA7761CD9C93E0035CEC9 /* NAPinAnnotationPopup.h */,
				659BA7771CD9C93E0035CEC9 /* NAPinAnnotationPopup.m */,
				659BA7781CD9C93E0035CEC9 /* NAPinAnnotationPopupCircleCallOutView.h */,
				659BA7791CD9C93E0035CEC9 /* NAPinAnnotationPopupCircleCallOutView.m */,
				659BA77A1CD9C93E0035CEC9 /* NAPinAnnotationPopupMapView.h */,
				659BA77B1CD9C93E0035CEC9 /* NAPinAnnotationPopupMapView.m */,
			);
			name = Popup;
			sourceTree = "<group>";
		};
/* End PBXGroup section */

/* Begin PBXNativeTarget section */
		3CB0E6D218C8B9E2009CE8DB /* Demo */ = {
			isa = PBXNativeTarget;
			buildConfigurationList = 3CB0E70518C8B9E3009CE8DB /* Build configuration list for PBXNativeTarget "Demo" */;
			buildPhases = (
				3EEC72D849A44CE489E1277C /* Check Pods Manifest.lock */,
				3CB0E6CF18C8B9E2009CE8DB /* Sources */,
				3CB0E6D018C8B9E2009CE8DB /* Frameworks */,
				3CB0E6D118C8B9E2009CE8DB /* Resources */,
				CF0BCF3DED9E42FFAA600A20 /* Copy Pods Resources */,
				357A3FF73945B07D5784BF9B /* Embed Pods Frameworks */,
			);
			buildRules = (
			);
			dependencies = (
			);
			name = Demo;
			productName = Demo;
			productReference = 3CB0E6D318C8B9E2009CE8DB /* Demo.app */;
			productType = "com.apple.product-type.application";
		};
		3CB0E6F318C8B9E2009CE8DB /* DemoTests */ = {
			isa = PBXNativeTarget;
			buildConfigurationList = 3CB0E70818C8B9E3009CE8DB /* Build configuration list for PBXNativeTarget "DemoTests" */;
			buildPhases = (
				BE3A7AB44CD649DE8FEEB154 /* Check Pods Manifest.lock */,
				3CB0E6F018C8B9E2009CE8DB /* Sources */,
				3CB0E6F118C8B9E2009CE8DB /* Frameworks */,
				3CB0E6F218C8B9E2009CE8DB /* Resources */,
				92777E9C63BE481285A7B3F2 /* Copy Pods Resources */,
				2BDE6E88321BBEAD1A9073C8 /* Embed Pods Frameworks */,
			);
			buildRules = (
			);
			dependencies = (
				3CB0E6FA18C8B9E3009CE8DB /* PBXTargetDependency */,
			);
			name = DemoTests;
			productName = DemoTests;
			productReference = 3CB0E6F418C8B9E2009CE8DB /* DemoTests.xctest */;
			productType = "com.apple.product-type.bundle.unit-test";
		};
/* End PBXNativeTarget section */

/* Begin PBXProject section */
		3CB0E6CB18C8B9E2009CE8DB /* Project object */ = {
			isa = PBXProject;
			attributes = {
				CLASSPREFIX = NA;
				LastUpgradeCheck = 0510;
				ORGANIZATIONNAME = neilang.com;
				TargetAttributes = {
					3CB0E6F318C8B9E2009CE8DB = {
						TestTargetID = 3CB0E6D218C8B9E2009CE8DB;
					};
				};
			};
			buildConfigurationList = 3CB0E6CE18C8B9E2009CE8DB /* Build configuration list for PBXProject "Demo" */;
			compatibilityVersion = "Xcode 3.2";
			developmentRegion = English;
			hasScannedForEncodings = 0;
			knownRegions = (
				en,
				Base,
			);
			mainGroup = 3CB0E6CA18C8B9E2009CE8DB;
			productRefGroup = 3CB0E6D418C8B9E2009CE8DB /* Products */;
			projectDirPath = "";
			projectRoot = "";
			targets = (
				3CB0E6D218C8B9E2009CE8DB /* Demo */,
				3CB0E6F318C8B9E2009CE8DB /* DemoTests */,
			);
		};
/* End PBXProject section */

/* Begin PBXResourcesBuildPhase section */
		3CB0E6D118C8B9E2009CE8DB /* Resources */ = {
			isa = PBXResourcesBuildPhase;
			buildActionMask = 2147483647;
			files = (
				3CB0E6EF18C8B9E2009CE8DB /* Images.xcassets in Resources */,
				3C79CCB618D71AF500F6DF9F /* Maps in Resources */,
				3CB0E6E118C8B9E2009CE8DB /* InfoPlist.strings in Resources */,
				3CB0E71F18C8BB08009CE8DB /* NAInteractiveDemoViewController.xib in Resources */,
				3CB0E72A18C8BC62009CE8DB /* NAMasterViewController.xib in Resources */,
				3CB0E72118C8BB08009CE8DB /* NALoadViaNIBDemoViewController.xib in Resources */,
			);
			runOnlyForDeploymentPostprocessing = 0;
		};
		3CB0E6F218C8B9E2009CE8DB /* Resources */ = {
			isa = PBXResourcesBuildPhase;
			buildActionMask = 2147483647;
			files = (
				3CB0E70018C8B9E3009CE8DB /* InfoPlist.strings in Resources */,
			);
			runOnlyForDeploymentPostprocessing = 0;
		};
/* End PBXResourcesBuildPhase section */

/* Begin PBXShellScriptBuildPhase section */
		2BDE6E88321BBEAD1A9073C8 /* Embed Pods Frameworks */ = {
			isa = PBXShellScriptBuildPhase;
			buildActionMask = 2147483647;
			files = (
			);
			inputPaths = (
			);
			name = "Embed Pods Frameworks";
			outputPaths = (
			);
			runOnlyForDeploymentPostprocessing = 0;
			shellPath = /bin/sh;
			shellScript = "\"${SRCROOT}/Pods/Target Support Files/Pods-DemoTests/Pods-DemoTests-frameworks.sh\"\n";
			showEnvVarsInLog = 0;
		};
		357A3FF73945B07D5784BF9B /* Embed Pods Frameworks */ = {
			isa = PBXShellScriptBuildPhase;
			buildActionMask = 2147483647;
			files = (
			);
			inputPaths = (
			);
			name = "Embed Pods Frameworks";
			outputPaths = (
			);
			runOnlyForDeploymentPostprocessing = 0;
			shellPath = /bin/sh;
			shellScript = "\"${SRCROOT}/Pods/Target Support Files/Pods/Pods-frameworks.sh\"\n";
			showEnvVarsInLog = 0;
		};
		3EEC72D849A44CE489E1277C /* Check Pods Manifest.lock */ = {
			isa = PBXShellScriptBuildPhase;
			buildActionMask = 2147483647;
			files = (
			);
			inputPaths = (
			);
			name = "Check Pods Manifest.lock";
			outputPaths = (
			);
			runOnlyForDeploymentPostprocessing = 0;
			shellPath = /bin/sh;
			shellScript = "diff \"${PODS_ROOT}/../Podfile.lock\" \"${PODS_ROOT}/Manifest.lock\" > /dev/null\nif [[ $? != 0 ]] ; then\n    cat << EOM\nerror: The sandbox is not in sync with the Podfile.lock. Run 'pod install' or update your CocoaPods installation.\nEOM\n    exit 1\nfi\n";
			showEnvVarsInLog = 0;
		};
		92777E9C63BE481285A7B3F2 /* Copy Pods Resources */ = {
			isa = PBXShellScriptBuildPhase;
			buildActionMask = 2147483647;
			files = (
			);
			inputPaths = (
			);
			name = "Copy Pods Resources";
			outputPaths = (
			);
			runOnlyForDeploymentPostprocessing = 0;
			shellPath = /bin/sh;
			shellScript = "\"${SRCROOT}/Pods/Target Support Files/Pods-DemoTests/Pods-DemoTests-resources.sh\"\n";
			showEnvVarsInLog = 0;
		};
		BE3A7AB44CD649DE8FEEB154 /* Check Pods Manifest.lock */ = {
			isa = PBXShellScriptBuildPhase;
			buildActionMask = 2147483647;
			files = (
			);
			inputPaths = (
			);
			name = "Check Pods Manifest.lock";
			outputPaths = (
			);
			runOnlyForDeploymentPostprocessing = 0;
			shellPath = /bin/sh;
			shellScript = "diff \"${PODS_ROOT}/../Podfile.lock\" \"${PODS_ROOT}/Manifest.lock\" > /dev/null\nif [[ $? != 0 ]] ; then\n    cat << EOM\nerror: The sandbox is not in sync with the Podfile.lock. Run 'pod install' or update your CocoaPods installation.\nEOM\n    exit 1\nfi\n";
			showEnvVarsInLog = 0;
		};
		CF0BCF3DED9E42FFAA600A20 /* Copy Pods Resources */ = {
			isa = PBXShellScriptBuildPhase;
			buildActionMask = 2147483647;
			files = (
			);
			inputPaths = (
			);
			name = "Copy Pods Resources";
			outputPaths = (
			);
			runOnlyForDeploymentPostprocessing = 0;
			shellPath = /bin/sh;
			shellScript = "\"${SRCROOT}/Pods/Target Support Files/Pods/Pods-resources.sh\"\n";
			showEnvVarsInLog = 0;
		};
/* End PBXShellScriptBuildPhase section */

/* Begin PBXSourcesBuildPhase section */
		3CB0E6CF18C8B9E2009CE8DB /* Sources */ = {
			isa = PBXSourcesBuildPhase;
			buildActionMask = 2147483647;
			files = (
				3CB0E72218C8BB08009CE8DB /* NAMasterViewController.m in Sources */,
				3CB0E6E318C8B9E2009CE8DB /* main.m in Sources */,
				659BA77E1CD9C93E0035CEC9 /* NAPinAnnotationPopupMapView.m in Sources */,
				3CB0E71E18C8BB08009CE8DB /* NAInteractiveDemoViewController.m in Sources */,
				3CB0E71C18C8BB08009CE8DB /* NAAppDelegate.m in Sources */,
				659BA77C1CD9C93E0035CEC9 /* NAPinAnnotationPopup.m in Sources */,
				659BA77D1CD9C93E0035CEC9 /* NAPinAnnotationPopupCircleCallOutView.m in Sources */,
				3CB0E71B18C8BB08009CE8DB /* NAAnimatedDemoViewController.m in Sources */,
				3C9F354E18CA922C00EA1F22 /* NADotAnnotationDemoViewController.m in Sources */,
				659BA7811CD9C9490035CEC9 /* NAPinAnnotationsPopupMenuDemoViewController.m in Sources */,
				3C7F86CD18CE609200F7091A /* NATiledImageDemoViewController.m in Sources */,
				3CB0E72018C8BB08009CE8DB /* NALoadViaNIBDemoViewController.m in Sources */,
				3CB0E71D18C8BB08009CE8DB /* NAPinAnnotationsDemoViewController.m in Sources */,
			);
			runOnlyForDeploymentPostprocessing = 0;
		};
		3CB0E6F018C8B9E2009CE8DB /* Sources */ = {
			isa = PBXSourcesBuildPhase;
			buildActionMask = 2147483647;
			files = (
				3C9F355018CB8B6000EA1F22 /* NAAnnotationDemoViewControllerTests.m in Sources */,
				3CB0E72F18C8C9A4009CE8DB /* NAMapViewTests.m in Sources */,
				3C9F354918CA86D600EA1F22 /* NAInteractiveDemoViewControllerTests.m in Sources */,
				3C9F354718CA862100EA1F22 /* NAPinAnnotationsDemoViewControllerTests.m in Sources */,
				3C990C8518CF60FB00BF4C44 /* NATiledImageMapViewControllerTests.m in Sources */,
				3C9F354518CA838600EA1F22 /* NAMasterViewControllerTests.m in Sources */,
				3C9F354B18CA876700EA1F22 /* NALoadViaNIBDemoViewControllerTests.m in Sources */,
			);
			runOnlyForDeploymentPostprocessing = 0;
		};
/* End PBXSourcesBuildPhase section */

/* Begin PBXTargetDependency section */
		3CB0E6FA18C8B9E3009CE8DB /* PBXTargetDependency */ = {
			isa = PBXTargetDependency;
			target = 3CB0E6D218C8B9E2009CE8DB /* Demo */;
			targetProxy = 3CB0E6F918C8B9E3009CE8DB /* PBXContainerItemProxy */;
		};
/* End PBXTargetDependency section */

/* Begin PBXVariantGroup section */
		3CB0E6DF18C8B9E2009CE8DB /* InfoPlist.strings */ = {
			isa = PBXVariantGroup;
			children = (
				3CB0E6E018C8B9E2009CE8DB /* en */,
			);
			name = InfoPlist.strings;
			sourceTree = "<group>";
		};
		3CB0E6FE18C8B9E3009CE8DB /* InfoPlist.strings */ = {
			isa = PBXVariantGroup;
			children = (
				3CB0E6FF18C8B9E3009CE8DB /* en */,
			);
			name = InfoPlist.strings;
			sourceTree = "<group>";
		};
		3CB0E72818C8BC62009CE8DB /* NAMasterViewController.xib */ = {
			isa = PBXVariantGroup;
			children = (
				3CB0E72918C8BC62009CE8DB /* en */,
			);
			name = NAMasterViewController.xib;
			sourceTree = "<group>";
		};
/* End PBXVariantGroup section */

/* Begin XCBuildConfiguration section */
		3CB0E70318C8B9E3009CE8DB /* Debug */ = {
			isa = XCBuildConfiguration;
			buildSettings = {
				ALWAYS_SEARCH_USER_PATHS = NO;
				CLANG_CXX_LANGUAGE_STANDARD = "gnu++0x";
				CLANG_CXX_LIBRARY = "libc++";
				CLANG_ENABLE_MODULES = YES;
				CLANG_ENABLE_OBJC_ARC = YES;
				CLANG_WARN_BOOL_CONVERSION = YES;
				CLANG_WARN_CONSTANT_CONVERSION = YES;
				CLANG_WARN_DIRECT_OBJC_ISA_USAGE = YES_ERROR;
				CLANG_WARN_EMPTY_BODY = YES;
				CLANG_WARN_ENUM_CONVERSION = YES;
				CLANG_WARN_INT_CONVERSION = YES;
				CLANG_WARN_OBJC_ROOT_CLASS = YES_ERROR;
				CLANG_WARN__DUPLICATE_METHOD_MATCH = YES;
				"CODE_SIGN_IDENTITY[sdk=iphoneos*]" = "iPhone Developer";
				COPY_PHASE_STRIP = NO;
				GCC_C_LANGUAGE_STANDARD = gnu99;
				GCC_DYNAMIC_NO_PIC = NO;
				GCC_OPTIMIZATION_LEVEL = 0;
				GCC_PREPROCESSOR_DEFINITIONS = (
					"DEBUG=1",
					"$(inherited)",
				);
				GCC_SYMBOLS_PRIVATE_EXTERN = NO;
				GCC_WARN_64_TO_32_BIT_CONVERSION = YES;
				GCC_WARN_ABOUT_RETURN_TYPE = YES_ERROR;
				GCC_WARN_UNDECLARED_SELECTOR = YES;
				GCC_WARN_UNINITIALIZED_AUTOS = YES;
				GCC_WARN_UNUSED_FUNCTION = YES;
				GCC_WARN_UNUSED_VARIABLE = YES;
				IPHONEOS_DEPLOYMENT_TARGET = 7.0;
				ONLY_ACTIVE_ARCH = YES;
				SDKROOT = iphoneos;
			};
			name = Debug;
		};
		3CB0E70418C8B9E3009CE8DB /* Release */ = {
			isa = XCBuildConfiguration;
			buildSettings = {
				ALWAYS_SEARCH_USER_PATHS = NO;
				CLANG_CXX_LANGUAGE_STANDARD = "gnu++0x";
				CLANG_CXX_LIBRARY = "libc++";
				CLANG_ENABLE_MODULES = YES;
				CLANG_ENABLE_OBJC_ARC = YES;
				CLANG_WARN_BOOL_CONVERSION = YES;
				CLANG_WARN_CONSTANT_CONVERSION = YES;
				CLANG_WARN_DIRECT_OBJC_ISA_USAGE = YES_ERROR;
				CLANG_WARN_EMPTY_BODY = YES;
				CLANG_WARN_ENUM_CONVERSION = YES;
				CLANG_WARN_INT_CONVERSION = YES;
				CLANG_WARN_OBJC_ROOT_CLASS = YES_ERROR;
				CLANG_WARN__DUPLICATE_METHOD_MATCH = YES;
				"CODE_SIGN_IDENTITY[sdk=iphoneos*]" = "iPhone Developer";
				COPY_PHASE_STRIP = YES;
				ENABLE_NS_ASSERTIONS = NO;
				GCC_C_LANGUAGE_STANDARD = gnu99;
				GCC_WARN_64_TO_32_BIT_CONVERSION = YES;
				GCC_WARN_ABOUT_RETURN_TYPE = YES_ERROR;
				GCC_WARN_UNDECLARED_SELECTOR = YES;
				GCC_WARN_UNINITIALIZED_AUTOS = YES;
				GCC_WARN_UNUSED_FUNCTION = YES;
				GCC_WARN_UNUSED_VARIABLE = YES;
				IPHONEOS_DEPLOYMENT_TARGET = 7.0;
				SDKROOT = iphoneos;
				VALIDATE_PRODUCT = YES;
			};
			name = Release;
		};
		3CB0E70618C8B9E3009CE8DB /* Debug */ = {
			isa = XCBuildConfiguration;
			baseConfigurationReference = 30601F3554C155E46F9E779B /* Pods.debug.xcconfig */;
			buildSettings = {
				ASSETCATALOG_COMPILER_APPICON_NAME = AppIcon;
				ASSETCATALOG_COMPILER_LAUNCHIMAGE_NAME = LaunchImage;
				FRAMEWORK_SEARCH_PATHS = (
					"$(inherited)",
					"$(SYSTEM_APPS_DIR)/Reveal.app/Contents/SharedSupport/iOS-Libraries",
				);
				GCC_PRECOMPILE_PREFIX_HEADER = YES;
				GCC_PREFIX_HEADER = "Demo/Demo-Prefix.pch";
				INFOPLIST_FILE = "Demo/Demo-Info.plist";
				PRODUCT_NAME = "$(TARGET_NAME)";
				WRAPPER_EXTENSION = app;
			};
			name = Debug;
		};
		3CB0E70718C8B9E3009CE8DB /* Release */ = {
			isa = XCBuildConfiguration;
			baseConfigurationReference = DF926361CF145B69DE0D2575 /* Pods.release.xcconfig */;
			buildSettings = {
				ASSETCATALOG_COMPILER_APPICON_NAME = AppIcon;
				ASSETCATALOG_COMPILER_LAUNCHIMAGE_NAME = LaunchImage;
				FRAMEWORK_SEARCH_PATHS = (
					"$(inherited)",
					"$(SYSTEM_APPS_DIR)/Reveal.app/Contents/SharedSupport/iOS-Libraries",
				);
				GCC_PRECOMPILE_PREFIX_HEADER = YES;
				GCC_PREFIX_HEADER = "Demo/Demo-Prefix.pch";
				INFOPLIST_FILE = "Demo/Demo-Info.plist";
				PRODUCT_NAME = "$(TARGET_NAME)";
				WRAPPER_EXTENSION = app;
			};
			name = Release;
		};
		3CB0E70918C8B9E3009CE8DB /* Debug */ = {
			isa = XCBuildConfiguration;
			baseConfigurationReference = D1E0B94B20F955D6CEF6E6B7 /* Pods-DemoTests.debug.xcconfig */;
			buildSettings = {
				BUNDLE_LOADER = "$(BUILT_PRODUCTS_DIR)/Demo.app/Demo";
				FRAMEWORK_SEARCH_PATHS = (
					"$(SDKROOT)/Developer/Library/Frameworks",
					"$(inherited)",
					"$(DEVELOPER_FRAMEWORKS_DIR)",
				);
				GCC_PRECOMPILE_PREFIX_HEADER = YES;
				GCC_PREFIX_HEADER = "DemoTests/DemoTests-Prefix.pch";
				GCC_PREPROCESSOR_DEFINITIONS = (
					"FB_REFERENCE_IMAGE_DIR=\"\\\"$(SOURCE_ROOT)/$(PROJECT_NAME)Tests/ReferenceImages\\\"\"",
					"DEBUG=1",
					"$(inherited)",
				);
				INFOPLIST_FILE = "DemoTests/DemoTests-Info.plist";
				PRODUCT_NAME = "$(TARGET_NAME)";
				TEST_HOST = "$(BUNDLE_LOADER)";
				WRAPPER_EXTENSION = xctest;
			};
			name = Debug;
		};
		3CB0E70A18C8B9E3009CE8DB /* Release */ = {
			isa = XCBuildConfiguration;
			baseConfigurationReference = 3EA578786DAD470F3EAEAF6F /* Pods-DemoTests.release.xcconfig */;
			buildSettings = {
				BUNDLE_LOADER = "$(BUILT_PRODUCTS_DIR)/Demo.app/Demo";
				FRAMEWORK_SEARCH_PATHS = (
					"$(SDKROOT)/Developer/Library/Frameworks",
					"$(inherited)",
					"$(DEVELOPER_FRAMEWORKS_DIR)",
				);
				GCC_PRECOMPILE_PREFIX_HEADER = YES;
				GCC_PREFIX_HEADER = "DemoTests/DemoTests-Prefix.pch";
				GCC_PREPROCESSOR_DEFINITIONS = "";
				INFOPLIST_FILE = "DemoTests/DemoTests-Info.plist";
				PRODUCT_NAME = "$(TARGET_NAME)";
				TEST_HOST = "$(BUNDLE_LOADER)";
				WRAPPER_EXTENSION = xctest;
			};
			name = Release;
		};
/* End XCBuildConfiguration section */

/* Begin XCConfigurationList section */
		3CB0E6CE18C8B9E2009CE8DB /* Build configuration list for PBXProject "Demo" */ = {
			isa = XCConfigurationList;
			buildConfigurations = (
				3CB0E70318C8B9E3009CE8DB /* Debug */,
				3CB0E70418C8B9E3009CE8DB /* Release */,
			);
			defaultConfigurationIsVisible = 0;
			defaultConfigurationName = Release;
		};
		3CB0E70518C8B9E3009CE8DB /* Build configuration list for PBXNativeTarget "Demo" */ = {
			isa = XCConfigurationList;
			buildConfigurations = (
				3CB0E70618C8B9E3009CE8DB /* Debug */,
				3CB0E70718C8B9E3009CE8DB /* Release */,
			);
			defaultConfigurationIsVisible = 0;
			defaultConfigurationName = Release;
		};
		3CB0E70818C8B9E3009CE8DB /* Build configuration list for PBXNativeTarget "DemoTests" */ = {
			isa = XCConfigurationList;
			buildConfigurations = (
				3CB0E70918C8B9E3009CE8DB /* Debug */,
				3CB0E70A18C8B9E3009CE8DB /* Release */,
			);
			defaultConfigurationIsVisible = 0;
			defaultConfigurationName = Release;
		};
/* End XCConfigurationList section */
	};
	rootObject = 3CB0E6CB18C8B9E2009CE8DB /* Project object */;
}
