PODS:
  - ARTiledImageView (1.1.0):
    - SDWebImage
  - Expecta (0.2.4)
  - EXPMatchers+FBSnapshotTest (1.1.0):
    - Expecta
    - FBSnapshotTestCase
  - FBSnapshotTestCase (1.1)
  - NAMapKit (3.1):
    - ARTiledImageView
    - SDWebImage
  - SDWebImage (3.6):
    - SDWebImage/Core
  - SDWebImage/Core (3.6)
  - Specta (0.2.1)

DEPENDENCIES:
  - Expecta (~> 0.2.3)
  - EXPMatchers+FBSnapshotTest (~> 1.1.0)
  - FBSnapshotTestCase (~> 1.1)
  - NAMapKit (from `../namapkit.podspec`)
  - Specta (~> 0.2.1)

EXTERNAL SOURCES:
  NAMapKit:
    :path: ../namapkit.podspec

SPEC CHECKSUMS:
  ARTiledImageView: 7f777faaa3f9ce7efea956626a7f5ec8c053beec
  Expecta: 5c147dedfea5fbcf773995f7e65020abcc936ce5
  EXPMatchers+FBSnapshotTest: cf5bf37817741d89bd3a3ff80be7ff417692ab7d
  FBSnapshotTestCase: 188c80bfcb72e744eb0b99d45989d12687c40cf8
  NAMapKit: 6018c494c8c88ed1738b4aff1a9918fa04220925
  SDWebImage: 7eb273e54ca8a2e506ad9bd5e80c35b2a4d7c95e
  Specta: 2d06220591110c6d9757d8be8ecf8e63aa40dc2a

COCOAPODS: 0.32.1
